Microsoft Visual Studio Solution File, Format Version 12.00
# Visual Studio 2012
Project("{FAE04EC0-301F-11D3-BF4B-00C04F79EFBC}") = "godot c sharp game", "godot c sharp game.csproj", "{3288A75D-00A4-4888-B258-46A82CE0B044}"
EndProject
Global
	GlobalSection(SolutionConfigurationPlatforms) = preSolution
	Debug|Any CPU = Debug|Any CPU
	ExportDebug|Any CPU = ExportDebug|Any CPU
	ExportRelease|Any CPU = ExportRelease|Any CPU
	EndGlobalSection
	GlobalSection(ProjectConfigurationPlatforms) = postSolution
		{3288A75D-00A4-4888-B258-46A82CE0B044}.Debug|Any CPU.ActiveCfg = Debug|Any CPU
		{3288A75D-00A4-4888-B258-46A82CE0B044}.Debug|Any CPU.Build.0 = Debug|Any CPU
		{3288A75D-00A4-4888-B258-46A82CE0B044}.ExportDebug|Any CPU.ActiveCfg = ExportDebug|Any CPU
		{3288A75D-00A4-4888-B258-46A82CE0B044}.ExportDebug|Any CPU.Build.0 = ExportDebug|Any CPU
		{3288A75D-00A4-4888-B258-46A82CE0B044}.ExportRelease|Any CPU.ActiveCfg = ExportRelease|Any CPU
		{3288A75D-00A4-4888-B258-46A82CE0B044}.ExportRelease|Any CPU.Build.0 = ExportRelease|Any CPU
	EndGlobalSection
EndGlobal
