Microsoft Visual Studio Solution File, Format Version 12.00
# Visual Studio 2012
Project("{FAE04EC0-301F-11D3-BF4B-00C04F79EFBC}") = "GodotGame4.0", "GodotGame4.0.csproj", "{03E8970C-C87F-4784-95B4-10CE70A8A3A6}"
EndProject
Global
	GlobalSection(SolutionConfigurationPlatforms) = preSolution
	Debug|Any CPU = Debug|Any CPU
	ExportDebug|Any CPU = ExportDebug|Any CPU
	ExportRelease|Any CPU = ExportRelease|Any CPU
	EndGlobalSection
	GlobalSection(ProjectConfigurationPlatforms) = postSolution
		{03E8970C-C87F-4784-95B4-10CE70A8A3A6}.Debug|Any CPU.ActiveCfg = Debug|Any CPU
		{03E8970C-C87F-4784-95B4-10CE70A8A3A6}.Debug|Any CPU.Build.0 = Debug|Any CPU
		{03E8970C-C87F-4784-95B4-10CE70A8A3A6}.ExportDebug|Any CPU.ActiveCfg = ExportDebug|Any CPU
		{03E8970C-C87F-4784-95B4-10CE70A8A3A6}.ExportDebug|Any CPU.Build.0 = ExportDebug|Any CPU
		{03E8970C-C87F-4784-95B4-10CE70A8A3A6}.ExportRelease|Any CPU.ActiveCfg = ExportRelease|Any CPU
		{03E8970C-C87F-4784-95B4-10CE70A8A3A6}.ExportRelease|Any CPU.Build.0 = ExportRelease|Any CPU
	EndGlobalSection
EndGlobal
